{
  "nodes": {
    "fun": {
      "locked": {
        "lastModified": 1727144869,
        "narHash": "sha256-dV3lBzWa+etuG5ElYQh3zgZYzoWQYza/rferA5O5J8U=",
        "owner": "Ninlives",
        "repo": "fn",
        "rev": "7958580f631d2f9c64633764ae0f1c2e5b88f3fd",
        "type": "github"
      },
      "original": {
        "owner": "Ninlives",
        "repo": "fn",
        "type": "github"
      }
    },
    "nixpkgs": {
      "locked": {
        "lastModified": 1726969270,
        "narHash": "sha256-8fnFlXBgM/uSvBlLWjZ0Z0sOdRBesyNdH0+esxqizGc=",
        "owner": "NixOS",
        "repo": "nixpkgs",
        "rev": "23cbb250f3bf4f516a2d0bf03c51a30900848075",
        "type": "github"
      },
      "original": {
        "owner": "NixOS",
        "ref": "nixos-24.05",
        "repo": "nixpkgs",
        "type": "github"
      }
    },
    "root": {
      "inputs": {
        "fun": "fun",
        "nixpkgs": "nixpkgs"
      }
    }
  },
  "root": "root",
  "version": 7
}
